
Microsoft Visual Studio Solution File, Format Version 12.00
# Visual Studio Version 17
VisualStudioVersion = 17.11.35222.181
MinimumVisualStudioVersion = 10.0.40219.1
Project("{FAE04EC0-301F-11D3-BF4B-00C04F79EFBC}") = "Toggle String in c#", "Toggle String in c#\Toggle String in c#.csproj", "{410AA7A3-C8C8-4F04-93AA-C6BE01971218}"
EndProject
Global
	GlobalSection(SolutionConfigurationPlatforms) = preSolution
		Debug|Any CPU = Debug|Any CPU
		Release|Any CPU = Release|Any CPU
	EndGlobalSection
	GlobalSection(ProjectConfigurationPlatforms) = postSolution
		{410AA7A3-C8C8-4F04-93AA-C6BE01971218}.Debug|Any CPU.ActiveCfg = Debug|Any CPU
		{410AA7A3-C8C8-4F04-93AA-C6BE01971218}.Debug|Any CPU.Build.0 = Debug|Any CPU
		{410AA7A3-C8C8-4F04-93AA-C6BE01971218}.Release|Any CPU.ActiveCfg = Release|Any CPU
		{410AA7A3-C8C8-4F04-93AA-C6BE01971218}.Release|Any CPU.Build.0 = Release|Any CPU
	EndGlobalSection
	GlobalSection(SolutionProperties) = preSolution
		HideSolutionNode = FALSE
	EndGlobalSection
	GlobalSection(ExtensibilityGlobals) = postSolution
		SolutionGuid = {BAC56947-7F43-466B-AF9C-B1D4AB819CC3}
	EndGlobalSection
EndGlobal
